github.com/wowchemy/wowchemy-hugo-modules/wowchemy v0.0.0-20210219133516-05c772f38946 h1:PPkYFJCSyAMp9J5z9e5k/3CRHrCaWcQdw/hsM2SYqN4=
github.com/wowchemy/wowchemy-hugo-modules/wowchemy v0.0.0-20210219133516-05c772f38946/go.mod h1:H22qfH9qj3FWwsk7+bAZpmT24yRGNQURah2/IRwjbn8=
github.com/wowchemy/wowchemy-hugo-modules/wowchemy-cms v0.0.0-20210219133516-05c772f38946 h1:dxvDlibakOxlK4d0ZYcErGJsqQewJwR0gCB+0+77kQU=
github.com/wowchemy/wowchemy-hugo-modules/wowchemy-cms v0.0.0-20210219133516-05c772f38946/go.mod h1:AKpYbqUVlj0VYsc7Jsxe1o8Ko2yV31A5ZPdfpACcXJw=
github.com/wowchemy/wowchemy-hugo-modules/wowchemy-cms/v5 v5.0.0-20220602234052-acd74954b5dd h1:3YCQtPUPObQBsQn1Y3rK9SPSG5rbZzppGaPj6okHXPI=
github.com/wowchemy/wowchemy-hugo-modules/wowchemy-cms/v5 v5.0.0-20220602234052-acd74954b5dd/go.mod h1:Sp/AKo+2HAPi/IPHp1MEdKPmee+mzO5+efUBUPLPqPE=
github.com/wowchemy/wowchemy-hugo-modules/wowchemy/v5 v5.0.0-20220602234052-acd74954b5dd h1:n+V51I/UcRmGakP5JzIk9kc5jx1VpHElOWd93h9J1X4=
github.com/wowchemy/wowchemy-hugo-modules/wowchemy/v5 v5.0.0-20220602234052-acd74954b5dd/go.mod h1:2iL9rdrUYyJXX2BeHKfK+QbqZlubCsaR60nQ87NRQTY=
